// !$*UTF8*$!
{
	archiveVersion = 1;
	classes = {
	};
	objectVersion = 56;
	objects = {

/* Begin PBXBuildFile section */
		E53BAD932932043100D71167 /* Women_CalendarApp.swift in Sources */ = {isa = PBXBuildFile; fileRef = E53BAD922932043100D71167 /* Women_CalendarApp.swift */; };
		E53BAD952932043100D71167 /* ContentView.swift in Sources */ = {isa = PBXBuildFile; fileRef = E53BAD942932043100D71167 /* ContentView.swift */; };
		E53BAD972932043300D71167 /* Assets.xcassets in Resources */ = {isa = PBXBuildFile; fileRef = E53BAD962932043300D71167 /* Assets.xcassets */; };
		E53BAD9A2932043300D71167 /* Preview Assets.xcassets in Resources */ = {isa = PBXBuildFile; fileRef = E53BAD992932043300D71167 /* Preview Assets.xcassets */; };
		E572EF3529365F01002BF6DC /* SettingsView.swift in Sources */ = {isa = PBXBuildFile; fileRef = E572EF3429365F01002BF6DC /* SettingsView.swift */; };
		E5A63AF62943441000D70296 /* ReportsModel.swift in Sources */ = {isa = PBXBuildFile; fileRef = E5A63AF52943441000D70296 /* ReportsModel.swift */; };
		E5A63B05294346D600D70296 /* Reports.swift in Sources */ = {isa = PBXBuildFile; fileRef = E5A63B04294346D600D70296 /* Reports.swift */; };
		E5A63B0729434A1A00D70296 /* CalendarCell.swift in Sources */ = {isa = PBXBuildFile; fileRef = E5A63B0629434A1A00D70296 /* CalendarCell.swift */; };
		E5A63B0929434A2600D70296 /* CalendarGridView.swift in Sources */ = {isa = PBXBuildFile; fileRef = E5A63B0829434A2600D70296 /* CalendarGridView.swift */; };
		E5A63B0B29434A2E00D70296 /* DayOfWeekView.swift in Sources */ = {isa = PBXBuildFile; fileRef = E5A63B0A29434A2E00D70296 /* DayOfWeekView.swift */; };
		E5A63B0D29434A3600D70296 /* CalendarHelper.swift in Sources */ = {isa = PBXBuildFile; fileRef = E5A63B0C29434A3600D70296 /* CalendarHelper.swift */; };
		E5A63B0F29434A4100D70296 /* DateHolder.swift in Sources */ = {isa = PBXBuildFile; fileRef = E5A63B0E29434A4100D70296 /* DateHolder.swift */; };
		E5A63B1129434A5900D70296 /* DateScrollerView.swift in Sources */ = {isa = PBXBuildFile; fileRef = E5A63B1029434A5900D70296 /* DateScrollerView.swift */; };
		E5A63B1329434A8600D70296 /* MonthStruct.swift in Sources */ = {isa = PBXBuildFile; fileRef = E5A63B1229434A8600D70296 /* MonthStruct.swift */; };
		E5EB3717293F9F090048EACC /* ReportsView.swift in Sources */ = {isa = PBXBuildFile; fileRef = E5EB3716293F9F090048EACC /* ReportsView.swift */; };
		E5EB3719293FB3090048EACC /* ReportsDetailView.swift in Sources */ = {isa = PBXBuildFile; fileRef = E5EB3718293FB3090048EACC /* ReportsDetailView.swift */; };
		E5EB371B294343060048EACC /* CalendarView.swift in Sources */ = {isa = PBXBuildFile; fileRef = E5EB371A294343060048EACC /* CalendarView.swift */; };
		E5EB371D294343350048EACC /* ProfileView.swift in Sources */ = {isa = PBXBuildFile; fileRef = E5EB371C294343350048EACC /* ProfileView.swift */; };
		E5EB371F294343540048EACC /* ReportItemView.swift in Sources */ = {isa = PBXBuildFile; fileRef = E5EB371E294343540048EACC /* ReportItemView.swift */; };
/* End PBXBuildFile section */

/* Begin PBXFileReference section */
		E53BAD8F2932043100D71167 /* Women_Calendar.app */ = {isa = PBXFileReference; explicitFileType = wrapper.application; includeInIndex = 0; path = Women_Calendar.app; sourceTree = BUILT_PRODUCTS_DIR; };
		E53BAD922932043100D71167 /* Women_CalendarApp.swift */ = {isa = PBXFileReference; lastKnownFileType = sourcecode.swift; path = Women_CalendarApp.swift; sourceTree = "<group>"; };
		E53BAD942932043100D71167 /* ContentView.swift */ = {isa = PBXFileReference; lastKnownFileType = sourcecode.swift; path = ContentView.swift; sourceTree = "<group>"; };
		E53BAD962932043300D71167 /* Assets.xcassets */ = {isa = PBXFileReference; lastKnownFileType = folder.assetcatalog; path = Assets.xcassets; sourceTree = "<group>"; };
		E53BAD992932043300D71167 /* Preview Assets.xcassets */ = {isa = PBXFileReference; lastKnownFileType = folder.assetcatalog; path = "Preview Assets.xcassets"; sourceTree = "<group>"; };
		E572EF3429365F01002BF6DC /* SettingsView.swift */ = {isa = PBXFileReference; lastKnownFileType = sourcecode.swift; path = SettingsView.swift; sourceTree = "<group>"; };
		E5A63AF52943441000D70296 /* ReportsModel.swift */ = {isa = PBXFileReference; lastKnownFileType = sourcecode.swift; path = ReportsModel.swift; sourceTree = "<group>"; };
		E5A63B04294346D600D70296 /* Reports.swift */ = {isa = PBXFileReference; lastKnownFileType = sourcecode.swift; path = Reports.swift; sourceTree = "<group>"; };
		E5A63B0629434A1A00D70296 /* CalendarCell.swift */ = {isa = PBXFileReference; fileEncoding = 4; lastKnownFileType = sourcecode.swift; path = CalendarCell.swift; sourceTree = "<group>"; };
		E5A63B0829434A2600D70296 /* CalendarGridView.swift */ = {isa = PBXFileReference; fileEncoding = 4; lastKnownFileType = sourcecode.swift; path = CalendarGridView.swift; sourceTree = "<group>"; };
		E5A63B0A29434A2E00D70296 /* DayOfWeekView.swift */ = {isa = PBXFileReference; fileEncoding = 4; lastKnownFileType = sourcecode.swift; path = DayOfWeekView.swift; sourceTree = "<group>"; };
		E5A63B0C29434A3600D70296 /* CalendarHelper.swift */ = {isa = PBXFileReference; fileEncoding = 4; lastKnownFileType = sourcecode.swift; path = CalendarHelper.swift; sourceTree = "<group>"; };
		E5A63B0E29434A4100D70296 /* DateHolder.swift */ = {isa = PBXFileReference; fileEncoding = 4; lastKnownFileType = sourcecode.swift; path = DateHolder.swift; sourceTree = "<group>"; };
		E5A63B1029434A5900D70296 /* DateScrollerView.swift */ = {isa = PBXFileReference; fileEncoding = 4; lastKnownFileType = sourcecode.swift; path = DateScrollerView.swift; sourceTree = "<group>"; };
		E5A63B1229434A8600D70296 /* MonthStruct.swift */ = {isa = PBXFileReference; fileEncoding = 4; lastKnownFileType = sourcecode.swift; path = MonthStruct.swift; sourceTree = "<group>"; };
		E5EB3716293F9F090048EACC /* ReportsView.swift */ = {isa = PBXFileReference; lastKnownFileType = sourcecode.swift; path = ReportsView.swift; sourceTree = "<group>"; };
		E5EB3718293FB3090048EACC /* ReportsDetailView.swift */ = {isa = PBXFileReference; lastKnownFileType = sourcecode.swift; path = ReportsDetailView.swift; sourceTree = "<group>"; };
		E5EB371A294343060048EACC /* CalendarView.swift */ = {isa = PBXFileReference; lastKnownFileType = sourcecode.swift; path = CalendarView.swift; sourceTree = "<group>"; };
		E5EB371C294343350048EACC /* ProfileView.swift */ = {isa = PBXFileReference; lastKnownFileType = sourcecode.swift; path = ProfileView.swift; sourceTree = "<group>"; };
		E5EB371E294343540048EACC /* ReportItemView.swift */ = {isa = PBXFileReference; lastKnownFileType = sourcecode.swift; path = ReportItemView.swift; sourceTree = "<group>"; };
/* End PBXFileReference section */

/* Begin PBXFrameworksBuildPhase section */
		E53BAD8C2932043100D71167 /* Frameworks */ = {
			isa = PBXFrameworksBuildPhase;
			buildActionMask = 2147483647;
			files = (
			);
			runOnlyForDeploymentPostprocessing = 0;
		};
/* End PBXFrameworksBuildPhase section */

/* Begin PBXGroup section */
		E53BAD862932043100D71167 = {
			isa = PBXGroup;
			children = (
				E53BAD912932043100D71167 /* Women_Calendar */,
				E53BAD902932043100D71167 /* Products */,
			);
			sourceTree = "<group>";
		};
		E53BAD902932043100D71167 /* Products */ = {
			isa = PBXGroup;
			children = (
				E53BAD8F2932043100D71167 /* Women_Calendar.app */,
			);
			name = Products;
			sourceTree = "<group>";
		};
		E53BAD912932043100D71167 /* Women_Calendar */ = {
			isa = PBXGroup;
			children = (
				E5A63B022943469400D70296 /* Model */,
				E5A63AF9294344C300D70296 /* View */,
				E5A63B03294346A300D70296 /* Model View */,
				E53BAD922932043100D71167 /* Women_CalendarApp.swift */,
				E53BAD962932043300D71167 /* Assets.xcassets */,
				E53BAD982932043300D71167 /* Preview Content */,
			);
			path = Women_Calendar;
			sourceTree = "<group>";
		};
		E53BAD982932043300D71167 /* Preview Content */ = {
			isa = PBXGroup;
			children = (
				E53BAD992932043300D71167 /* Preview Assets.xcassets */,
			);
			path = "Preview Content";
			sourceTree = "<group>";
		};
		E5A63AF9294344C300D70296 /* View */ = {
			isa = PBXGroup;
			children = (
				E53BAD942932043100D71167 /* ContentView.swift */,
				E5A63AFE2943458600D70296 /* Calendar View */,
				E5A63AFF2943461800D70296 /* Profile View */,
				E5A63AFC2943452D00D70296 /* Reports View */,
				E5A63B002943463600D70296 /* Settings View */,
			);
			path = View;
			sourceTree = "<group>";
		};
		E5A63AFC2943452D00D70296 /* Reports View */ = {
			isa = PBXGroup;
			children = (
				E5EB3716293F9F090048EACC /* ReportsView.swift */,
				E5EB371E294343540048EACC /* ReportItemView.swift */,
				E5EB3718293FB3090048EACC /* ReportsDetailView.swift */,
			);
			path = "Reports View";
			sourceTree = "<group>";
		};
		E5A63AFE2943458600D70296 /* Calendar View */ = {
			isa = PBXGroup;
			children = (
				E5EB371A294343060048EACC /* CalendarView.swift */,
				E5A63B0829434A2600D70296 /* CalendarGridView.swift */,
				E5A63B0629434A1A00D70296 /* CalendarCell.swift */,
				E5A63B0A29434A2E00D70296 /* DayOfWeekView.swift */,
				E5A63B1029434A5900D70296 /* DateScrollerView.swift */,
			);
			path = "Calendar View";
			sourceTree = "<group>";
		};
		E5A63AFF2943461800D70296 /* Profile View */ = {
			isa = PBXGroup;
			children = (
				E5EB371C294343350048EACC /* ProfileView.swift */,
			);
			path = "Profile View";
			sourceTree = "<group>";
		};
		E5A63B002943463600D70296 /* Settings View */ = {
			isa = PBXGroup;
			children = (
				E572EF3429365F01002BF6DC /* SettingsView.swift */,
			);
			path = "Settings View";
			sourceTree = "<group>";
		};
		E5A63B022943469400D70296 /* Model */ = {
			isa = PBXGroup;
			children = (
				E5A63B1229434A8600D70296 /* MonthStruct.swift */,
				E5A63AF52943441000D70296 /* ReportsModel.swift */,
			);
			path = Model;
			sourceTree = "<group>";
		};
		E5A63B03294346A300D70296 /* Model View */ = {
			isa = PBXGroup;
			children = (
				E5A63B0E29434A4100D70296 /* DateHolder.swift */,
				E5A63B0C29434A3600D70296 /* CalendarHelper.swift */,
				E5A63B04294346D600D70296 /* Reports.swift */,
			);
			path = "Model View";
			sourceTree = "<group>";
		};
/* End PBXGroup section */

/* Begin PBXNativeTarget section */
		E53BAD8E2932043100D71167 /* Women_Calendar */ = {
			isa = PBXNativeTarget;
			buildConfigurationList = E53BAD9D2932043300D71167 /* Build configuration list for PBXNativeTarget "Women_Calendar" */;
			buildPhases = (
				E53BAD8B2932043100D71167 /* Sources */,
				E53BAD8C2932043100D71167 /* Frameworks */,
				E53BAD8D2932043100D71167 /* Resources */,
			);
			buildRules = (
			);
			dependencies = (
			);
			name = Women_Calendar;
			productName = Women_Calendar;
			productReference = E53BAD8F2932043100D71167 /* Women_Calendar.app */;
			productType = "com.apple.product-type.application";
		};
/* End PBXNativeTarget section */

/* Begin PBXProject section */
		E53BAD872932043100D71167 /* Project object */ = {
			isa = PBXProject;
			attributes = {
				BuildIndependentTargetsInParallel = 1;
				LastSwiftUpdateCheck = 1410;
				LastUpgradeCheck = 1410;
				TargetAttributes = {
					E53BAD8E2932043100D71167 = {
						CreatedOnToolsVersion = 14.1;
					};
				};
			};
			buildConfigurationList = E53BAD8A2932043100D71167 /* Build configuration list for PBXProject "Women_Calendar" */;
			compatibilityVersion = "Xcode 14.0";
			developmentRegion = en;
			hasScannedForEncodings = 0;
			knownRegions = (
				en,
				Base,
			);
			mainGroup = E53BAD862932043100D71167;
			productRefGroup = E53BAD902932043100D71167 /* Products */;
			projectDirPath = "";
			projectRoot = "";
			targets = (
				E53BAD8E2932043100D71167 /* Women_Calendar */,
			);
		};
/* End PBXProject section */

/* Begin PBXResourcesBuildPhase section */
		E53BAD8D2932043100D71167 /* Resources */ = {
			isa = PBXResourcesBuildPhase;
			buildActionMask = 2147483647;
			files = (
				E53BAD9A2932043300D71167 /* Preview Assets.xcassets in Resources */,
				E53BAD972932043300D71167 /* Assets.xcassets in Resources */,
			);
			runOnlyForDeploymentPostprocessing = 0;
		};
/* End PBXResourcesBuildPhase section */

/* Begin PBXSourcesBuildPhase section */
		E53BAD8B2932043100D71167 /* Sources */ = {
			isa = PBXSourcesBuildPhase;
			buildActionMask = 2147483647;
			files = (
				E5A63B1129434A5900D70296 /* DateScrollerView.swift in Sources */,
				E5A63AF62943441000D70296 /* ReportsModel.swift in Sources */,
				E572EF3529365F01002BF6DC /* SettingsView.swift in Sources */,
				E53BAD952932043100D71167 /* ContentView.swift in Sources */,
				E5EB371B294343060048EACC /* CalendarView.swift in Sources */,
				E5A63B0B29434A2E00D70296 /* DayOfWeekView.swift in Sources */,
				E5EB3717293F9F090048EACC /* ReportsView.swift in Sources */,
				E5EB3719293FB3090048EACC /* ReportsDetailView.swift in Sources */,
				E5A63B0F29434A4100D70296 /* DateHolder.swift in Sources */,
				E5A63B0729434A1A00D70296 /* CalendarCell.swift in Sources */,
				E5EB371F294343540048EACC /* ReportItemView.swift in Sources */,
				E5A63B1329434A8600D70296 /* MonthStruct.swift in Sources */,
				E5A63B0929434A2600D70296 /* CalendarGridView.swift in Sources */,
				E5EB371D294343350048EACC /* ProfileView.swift in Sources */,
				E5A63B05294346D600D70296 /* Reports.swift in Sources */,
				E53BAD932932043100D71167 /* Women_CalendarApp.swift in Sources */,
				E5A63B0D29434A3600D70296 /* CalendarHelper.swift in Sources */,
			);
			runOnlyForDeploymentPostprocessing = 0;
		};
/* End PBXSourcesBuildPhase section */

/* Begin XCBuildConfiguration section */
		E53BAD9B2932043300D71167 /* Debug */ = {
			isa = XCBuildConfiguration;
			buildSettings = {
				ALWAYS_SEARCH_USER_PATHS = NO;
				CLANG_ANALYZER_NONNULL = YES;
				CLANG_ANALYZER_NUMBER_OBJECT_CONVERSION = YES_AGGRESSIVE;
				CLANG_CXX_LANGUAGE_STANDARD = "gnu++20";
				CLANG_ENABLE_MODULES = YES;
				CLANG_ENABLE_OBJC_ARC = YES;
				CLANG_ENABLE_OBJC_WEAK = YES;
				CLANG_WARN_BLOCK_CAPTURE_AUTORELEASING = YES;
				CLANG_WARN_BOOL_CONVERSION = YES;
				CLANG_WARN_COMMA = YES;
				CLANG_WARN_CONSTANT_CONVERSION = YES;
				CLANG_WARN_DEPRECATED_OBJC_IMPLEMENTATIONS = YES;
				CLANG_WARN_DIRECT_OBJC_ISA_USAGE = YES_ERROR;
				CLANG_WARN_DOCUMENTATION_COMMENTS = YES;
				CLANG_WARN_EMPTY_BODY = YES;
				CLANG_WARN_ENUM_CONVERSION = YES;
				CLANG_WARN_INFINITE_RECURSION = YES;
				CLANG_WARN_INT_CONVERSION = YES;
				CLANG_WARN_NON_LITERAL_NULL_CONVERSION = YES;
				CLANG_WARN_OBJC_IMPLICIT_RETAIN_SELF = YES;
				CLANG_WARN_OBJC_LITERAL_CONVERSION = YES;
				CLANG_WARN_OBJC_ROOT_CLASS = YES_ERROR;
				CLANG_WARN_QUOTED_INCLUDE_IN_FRAMEWORK_HEADER = YES;
				CLANG_WARN_RANGE_LOOP_ANALYSIS = YES;
				CLANG_WARN_STRICT_PROTOTYPES = YES;
				CLANG_WARN_SUSPICIOUS_MOVE = YES;
				CLANG_WARN_UNGUARDED_AVAILABILITY = YES_AGGRESSIVE;
				CLANG_WARN_UNREACHABLE_CODE = YES;
				CLANG_WARN__DUPLICATE_METHOD_MATCH = YES;
				COPY_PHASE_STRIP = NO;
				DEBUG_INFORMATION_FORMAT = dwarf;
				ENABLE_STRICT_OBJC_MSGSEND = YES;
				ENABLE_TESTABILITY = YES;
				GCC_C_LANGUAGE_STANDARD = gnu11;
				GCC_DYNAMIC_NO_PIC = NO;
				GCC_NO_COMMON_BLOCKS = YES;
				GCC_OPTIMIZATION_LEVEL = 0;
				GCC_PREPROCESSOR_DEFINITIONS = (
					"DEBUG=1",
					"$(inherited)",
				);
				GCC_WARN_64_TO_32_BIT_CONVERSION = YES;
				GCC_WARN_ABOUT_RETURN_TYPE = YES_ERROR;
				GCC_WARN_UNDECLARED_SELECTOR = YES;
				GCC_WARN_UNINITIALIZED_AUTOS = YES_AGGRESSIVE;
				GCC_WARN_UNUSED_FUNCTION = YES;
				GCC_WARN_UNUSED_VARIABLE = YES;
				IPHONEOS_DEPLOYMENT_TARGET = 16.1;
				MTL_ENABLE_DEBUG_INFO = INCLUDE_SOURCE;
				MTL_FAST_MATH = YES;
				ONLY_ACTIVE_ARCH = YES;
				SDKROOT = iphoneos;
				SWIFT_ACTIVE_COMPILATION_CONDITIONS = DEBUG;
				SWIFT_OPTIMIZATION_LEVEL = "-Onone";
			};
			name = Debug;
		};
		E53BAD9C2932043300D71167 /* Release */ = {
			isa = XCBuildConfiguration;
			buildSettings = {
				ALWAYS_SEARCH_USER_PATHS = NO;
				CLANG_ANALYZER_NONNULL = YES;
				CLANG_ANALYZER_NUMBER_OBJECT_CONVERSION = YES_AGGRESSIVE;
				CLANG_CXX_LANGUAGE_STANDARD = "gnu++20";
				CLANG_ENABLE_MODULES = YES;
				CLANG_ENABLE_OBJC_ARC = YES;
				CLANG_ENABLE_OBJC_WEAK = YES;
				CLANG_WARN_BLOCK_CAPTURE_AUTORELEASING = YES;
				CLANG_WARN_BOOL_CONVERSION = YES;
				CLANG_WARN_COMMA = YES;
				CLANG_WARN_CONSTANT_CONVERSION = YES;
				CLANG_WARN_DEPRECATED_OBJC_IMPLEMENTATIONS = YES;
				CLANG_WARN_DIRECT_OBJC_ISA_USAGE = YES_ERROR;
				CLANG_WARN_DOCUMENTATION_COMMENTS = YES;
				CLANG_WARN_EMPTY_BODY = YES;
				CLANG_WARN_ENUM_CONVERSION = YES;
				CLANG_WARN_INFINITE_RECURSION = YES;
				CLANG_WARN_INT_CONVERSION = YES;
				CLANG_WARN_NON_LITERAL_NULL_CONVERSION = YES;
				CLANG_WARN_OBJC_IMPLICIT_RETAIN_SELF = YES;
				CLANG_WARN_OBJC_LITERAL_CONVERSION = YES;
				CLANG_WARN_OBJC_ROOT_CLASS = YES_ERROR;
				CLANG_WARN_QUOTED_INCLUDE_IN_FRAMEWORK_HEADER = YES;
				CLANG_WARN_RANGE_LOOP_ANALYSIS = YES;
				CLANG_WARN_STRICT_PROTOTYPES = YES;
				CLANG_WARN_SUSPICIOUS_MOVE = YES;
				CLANG_WARN_UNGUARDED_AVAILABILITY = YES_AGGRESSIVE;
				CLANG_WARN_UNREACHABLE_CODE = YES;
				CLANG_WARN__DUPLICATE_METHOD_MATCH = YES;
				COPY_PHASE_STRIP = NO;
				DEBUG_INFORMATION_FORMAT = "dwarf-with-dsym";
				ENABLE_NS_ASSERTIONS = NO;
				ENABLE_STRICT_OBJC_MSGSEND = YES;
				GCC_C_LANGUAGE_STANDARD = gnu11;
				GCC_NO_COMMON_BLOCKS = YES;
				GCC_WARN_64_TO_32_BIT_CONVERSION = YES;
				GCC_WARN_ABOUT_RETURN_TYPE = YES_ERROR;
				GCC_WARN_UNDECLARED_SELECTOR = YES;
				GCC_WARN_UNINITIALIZED_AUTOS = YES_AGGRESSIVE;
				GCC_WARN_UNUSED_FUNCTION = YES;
				GCC_WARN_UNUSED_VARIABLE = YES;
				IPHONEOS_DEPLOYMENT_TARGET = 16.1;
				MTL_ENABLE_DEBUG_INFO = NO;
				MTL_FAST_MATH = YES;
				SDKROOT = iphoneos;
				SWIFT_COMPILATION_MODE = wholemodule;
				SWIFT_OPTIMIZATION_LEVEL = "-O";
				VALIDATE_PRODUCT = YES;
			};
			name = Release;
		};
		E53BAD9E2932043300D71167 /* Debug */ = {
			isa = XCBuildConfiguration;
			buildSettings = {
				ASSETCATALOG_COMPILER_APPICON_NAME = AppIcon;
				ASSETCATALOG_COMPILER_GLOBAL_ACCENT_COLOR_NAME = AccentColor;
				CODE_SIGN_STYLE = Automatic;
				CURRENT_PROJECT_VERSION = 1;
				DEVELOPMENT_ASSET_PATHS = "\"Women_Calendar/Preview Content\"";
				DEVELOPMENT_TEAM = 6J9XRFD286;
				ENABLE_PREVIEWS = YES;
				GENERATE_INFOPLIST_FILE = YES;
				INFOPLIST_KEY_UIApplicationSceneManifest_Generation = YES;
				INFOPLIST_KEY_UIApplicationSupportsIndirectInputEvents = YES;
				INFOPLIST_KEY_UILaunchScreen_Generation = YES;
				INFOPLIST_KEY_UISupportedInterfaceOrientations_iPad = "UIInterfaceOrientationPortrait UIInterfaceOrientationPortraitUpsideDown UIInterfaceOrientationLandscapeLeft UIInterfaceOrientationLandscapeRight";
				INFOPLIST_KEY_UISupportedInterfaceOrientations_iPhone = "UIInterfaceOrientationPortrait UIInterfaceOrientationLandscapeLeft UIInterfaceOrientationLandscapeRight";
				LD_RUNPATH_SEARCH_PATHS = (
					"$(inherited)",
					"@executable_path/Frameworks",
				);
				MARKETING_VERSION = 1.0;
				PRODUCT_BUNDLE_IDENTIFIER = "Abdulloh.Women-Calendar";
				PRODUCT_NAME = "$(TARGET_NAME)";
				SWIFT_EMIT_LOC_STRINGS = YES;
				SWIFT_VERSION = 5.0;
				TARGETED_DEVICE_FAMILY = "1,2";
			};
			name = Debug;
		};
		E53BAD9F2932043300D71167 /* Release */ = {
			isa = XCBuildConfiguration;
			buildSettings = {
				ASSETCATALOG_COMPILER_APPICON_NAME = AppIcon;
				ASSETCATALOG_COMPILER_GLOBAL_ACCENT_COLOR_NAME = AccentColor;
				CODE_SIGN_STYLE = Automatic;
				CURRENT_PROJECT_VERSION = 1;
				DEVELOPMENT_ASSET_PATHS = "\"Women_Calendar/Preview Content\"";
				DEVELOPMENT_TEAM = 6J9XRFD286;
				ENABLE_PREVIEWS = YES;
				GENERATE_INFOPLIST_FILE = YES;
				INFOPLIST_KEY_UIApplicationSceneManifest_Generation = YES;
				INFOPLIST_KEY_UIApplicationSupportsIndirectInputEvents = YES;
				INFOPLIST_KEY_UILaunchScreen_Generation = YES;
				INFOPLIST_KEY_UISupportedInterfaceOrientations_iPad = "UIInterfaceOrientationPortrait UIInterfaceOrientationPortraitUpsideDown UIInterfaceOrientationLandscapeLeft UIInterfaceOrientationLandscapeRight";
				INFOPLIST_KEY_UISupportedInterfaceOrientations_iPhone = "UIInterfaceOrientationPortrait UIInterfaceOrientationLandscapeLeft UIInterfaceOrientationLandscapeRight";
				LD_RUNPATH_SEARCH_PATHS = (
					"$(inherited)",
					"@executable_path/Frameworks",
				);
				MARKETING_VERSION = 1.0;
				PRODUCT_BUNDLE_IDENTIFIER = "Abdulloh.Women-Calendar";
				PRODUCT_NAME = "$(TARGET_NAME)";
				SWIFT_EMIT_LOC_STRINGS = YES;
				SWIFT_VERSION = 5.0;
				TARGETED_DEVICE_FAMILY = "1,2";
			};
			name = Release;
		};
/* End XCBuildConfiguration section */

/* Begin XCConfigurationList section */
		E53BAD8A2932043100D71167 /* Build configuration list for PBXProject "Women_Calendar" */ = {
			isa = XCConfigurationList;
			buildConfigurations = (
				E53BAD9B2932043300D71167 /* Debug */,
				E53BAD9C2932043300D71167 /* Release */,
			);
			defaultConfigurationIsVisible = 0;
			defaultConfigurationName = Release;
		};
		E53BAD9D2932043300D71167 /* Build configuration list for PBXNativeTarget "Women_Calendar" */ = {
			isa = XCConfigurationList;
			buildConfigurations = (
				E53BAD9E2932043300D71167 /* Debug */,
				E53BAD9F2932043300D71167 /* Release */,
			);
			defaultConfigurationIsVisible = 0;
			defaultConfigurationName = Release;
		};
/* End XCConfigurationList section */
	};
	rootObject = E53BAD872932043100D71167 /* Project object */;
}
